
Microsoft Visual Studio Solution File, Format Version 12.00
# Visual Studio Version 16
VisualStudioVersion = 16.0.29102.190
MinimumVisualStudioVersion = 10.0.40219.1
Project("{2150E333-8FDC-42A3-9474-1A3956D46DE8}") = "02_Business", "02_Business", "{6652B0FF-3905-456E-BA6D-E8F965E367E5}"
EndProject
Project("{2150E333-8FDC-42A3-9474-1A3956D46DE8}") = "03_Site", "03_Site", "{2B18848A-9483-4AF1-8CDE-7EF96CFFBAF6}"
EndProject
Project("{FAE04EC0-301F-11D3-BF4B-00C04F79EFBC}") = "Fly.Objects", "Fly.Objects\Fly.Objects.csproj", "{9847E7D8-F605-4436-82EC-F7A0C8B458BF}"
EndProject
Project("{FAE04EC0-301F-11D3-BF4B-00C04F79EFBC}") = "Fly.APIs", "Fly.APIs\Fly.APIs.csproj", "{1971D98C-56DF-4032-A102-40036A1C779D}"
EndProject
Project("{FAE04EC0-301F-11D3-BF4B-00C04F79EFBC}") = "Fly.APIImpls", "Fly.APIImpls\Fly.APIImpls.csproj", "{68D71BC2-662B-445F-A809-0A51A5C969A4}"
EndProject
Project("{FAE04EC0-301F-11D3-BF4B-00C04F79EFBC}") = "Fly.UI", "Fly.UI\Fly.UI.csproj", "{3ACF12D3-4050-4F0E-84C3-60245C859DF8}"
EndProject
Project("{FAE04EC0-301F-11D3-BF4B-00C04F79EFBC}") = "Fly.WebService", "Fly.WebService\Fly.WebService.csproj", "{9E60850F-1BCE-4303-8FCA-81F1133FE9E1}"
EndProject
Project("{FAE04EC0-301F-11D3-BF4B-00C04F79EFBC}") = "Fly.Framework.Common", "Fly.Framework\IBB360.Framework.Common\Fly.Framework.Common.csproj", "{FC9A59C4-7D25-4E3B-9C1C-82652410FFA1}"
EndProject
Project("{FAE04EC0-301F-11D3-BF4B-00C04F79EFBC}") = "Fly.Framework.Excel", "Fly.Framework\IBB360.Framework.Excel\Fly.Framework.Excel.csproj", "{C07A9E4E-9BBD-4414-9701-CAA6A423DEC6}"
EndProject
Project("{FAE04EC0-301F-11D3-BF4B-00C04F79EFBC}") = "Fly.Framework.SqlDbAccess", "Fly.Framework\IBB360.Framework.SqlDbAccess\Fly.Framework.SqlDbAccess.csproj", "{4682FDD7-D4D9-436B-8BC4-1AFD41B4C740}"
EndProject
Project("{2150E333-8FDC-42A3-9474-1A3956D46DE8}") = "01_Framework", "01_Framework", "{84ACEB4E-2125-40FB-8387-B30B1783EE55}"
EndProject
Global
	GlobalSection(SolutionConfigurationPlatforms) = preSolution
		Debug|Any CPU = Debug|Any CPU
		Release|Any CPU = Release|Any CPU
	EndGlobalSection
	GlobalSection(ProjectConfigurationPlatforms) = postSolution
		{9847E7D8-F605-4436-82EC-F7A0C8B458BF}.Debug|Any CPU.ActiveCfg = Debug|Any CPU
		{9847E7D8-F605-4436-82EC-F7A0C8B458BF}.Debug|Any CPU.Build.0 = Debug|Any CPU
		{9847E7D8-F605-4436-82EC-F7A0C8B458BF}.Release|Any CPU.ActiveCfg = Release|Any CPU
		{9847E7D8-F605-4436-82EC-F7A0C8B458BF}.Release|Any CPU.Build.0 = Release|Any CPU
		{1971D98C-56DF-4032-A102-40036A1C779D}.Debug|Any CPU.ActiveCfg = Debug|Any CPU
		{1971D98C-56DF-4032-A102-40036A1C779D}.Debug|Any CPU.Build.0 = Debug|Any CPU
		{1971D98C-56DF-4032-A102-40036A1C779D}.Release|Any CPU.ActiveCfg = Release|Any CPU
		{1971D98C-56DF-4032-A102-40036A1C779D}.Release|Any CPU.Build.0 = Release|Any CPU
		{68D71BC2-662B-445F-A809-0A51A5C969A4}.Debug|Any CPU.ActiveCfg = Debug|Any CPU
		{68D71BC2-662B-445F-A809-0A51A5C969A4}.Debug|Any CPU.Build.0 = Debug|Any CPU
		{68D71BC2-662B-445F-A809-0A51A5C969A4}.Release|Any CPU.ActiveCfg = Release|Any CPU
		{68D71BC2-662B-445F-A809-0A51A5C969A4}.Release|Any CPU.Build.0 = Release|Any CPU
		{3ACF12D3-4050-4F0E-84C3-60245C859DF8}.Debug|Any CPU.ActiveCfg = Debug|Any CPU
		{3ACF12D3-4050-4F0E-84C3-60245C859DF8}.Debug|Any CPU.Build.0 = Debug|Any CPU
		{3ACF12D3-4050-4F0E-84C3-60245C859DF8}.Release|Any CPU.ActiveCfg = Release|Any CPU
		{3ACF12D3-4050-4F0E-84C3-60245C859DF8}.Release|Any CPU.Build.0 = Release|Any CPU
		{9E60850F-1BCE-4303-8FCA-81F1133FE9E1}.Debug|Any CPU.ActiveCfg = Debug|Any CPU
		{9E60850F-1BCE-4303-8FCA-81F1133FE9E1}.Debug|Any CPU.Build.0 = Debug|Any CPU
		{9E60850F-1BCE-4303-8FCA-81F1133FE9E1}.Release|Any CPU.ActiveCfg = Release|Any CPU
		{9E60850F-1BCE-4303-8FCA-81F1133FE9E1}.Release|Any CPU.Build.0 = Release|Any CPU
		{FC9A59C4-7D25-4E3B-9C1C-82652410FFA1}.Debug|Any CPU.ActiveCfg = Debug|Any CPU
		{FC9A59C4-7D25-4E3B-9C1C-82652410FFA1}.Debug|Any CPU.Build.0 = Debug|Any CPU
		{FC9A59C4-7D25-4E3B-9C1C-82652410FFA1}.Release|Any CPU.ActiveCfg = Release|Any CPU
		{FC9A59C4-7D25-4E3B-9C1C-82652410FFA1}.Release|Any CPU.Build.0 = Release|Any CPU
		{C07A9E4E-9BBD-4414-9701-CAA6A423DEC6}.Debug|Any CPU.ActiveCfg = Debug|Any CPU
		{C07A9E4E-9BBD-4414-9701-CAA6A423DEC6}.Debug|Any CPU.Build.0 = Debug|Any CPU
		{C07A9E4E-9BBD-4414-9701-CAA6A423DEC6}.Release|Any CPU.ActiveCfg = Release|Any CPU
		{C07A9E4E-9BBD-4414-9701-CAA6A423DEC6}.Release|Any CPU.Build.0 = Release|Any CPU
		{4682FDD7-D4D9-436B-8BC4-1AFD41B4C740}.Debug|Any CPU.ActiveCfg = Debug|Any CPU
		{4682FDD7-D4D9-436B-8BC4-1AFD41B4C740}.Debug|Any CPU.Build.0 = Debug|Any CPU
		{4682FDD7-D4D9-436B-8BC4-1AFD41B4C740}.Release|Any CPU.ActiveCfg = Release|Any CPU
		{4682FDD7-D4D9-436B-8BC4-1AFD41B4C740}.Release|Any CPU.Build.0 = Release|Any CPU
	EndGlobalSection
	GlobalSection(SolutionProperties) = preSolution
		HideSolutionNode = FALSE
	EndGlobalSection
	GlobalSection(NestedProjects) = preSolution
		{9847E7D8-F605-4436-82EC-F7A0C8B458BF} = {6652B0FF-3905-456E-BA6D-E8F965E367E5}
		{1971D98C-56DF-4032-A102-40036A1C779D} = {6652B0FF-3905-456E-BA6D-E8F965E367E5}
		{68D71BC2-662B-445F-A809-0A51A5C969A4} = {6652B0FF-3905-456E-BA6D-E8F965E367E5}
		{3ACF12D3-4050-4F0E-84C3-60245C859DF8} = {2B18848A-9483-4AF1-8CDE-7EF96CFFBAF6}
		{9E60850F-1BCE-4303-8FCA-81F1133FE9E1} = {2B18848A-9483-4AF1-8CDE-7EF96CFFBAF6}
		{FC9A59C4-7D25-4E3B-9C1C-82652410FFA1} = {84ACEB4E-2125-40FB-8387-B30B1783EE55}
		{C07A9E4E-9BBD-4414-9701-CAA6A423DEC6} = {84ACEB4E-2125-40FB-8387-B30B1783EE55}
		{4682FDD7-D4D9-436B-8BC4-1AFD41B4C740} = {84ACEB4E-2125-40FB-8387-B30B1783EE55}
	EndGlobalSection
	GlobalSection(ExtensibilityGlobals) = postSolution
		SolutionGuid = {86A77ABA-2745-44D8-B2FE-186FE1233BC1}
	EndGlobalSection
EndGlobal
